// !$*UTF8*$!
{
	archiveVersion = 1;
	classes = {
	};
	objectVersion = 56;
	objects = {

/* Begin PBXBuildFile section */
		768CA31F2BE65C9D00BF5116 /* AppDelegate.swift in Sources */ = {isa = PBXBuildFile; fileRef = 768CA31E2BE65C9D00BF5116 /* AppDelegate.swift */; };
		768CA3212BE65C9D00BF5116 /* SceneDelegate.swift in Sources */ = {isa = PBXBuildFile; fileRef = 768CA3202BE65C9D00BF5116 /* SceneDelegate.swift */; };
		768CA3232BE65C9D00BF5116 /* CatListViewController.swift in Sources */ = {isa = PBXBuildFile; fileRef = 768CA3222BE65C9D00BF5116 /* CatListViewController.swift */; };
		768CA3262BE65C9D00BF5116 /* Base in Resources */ = {isa = PBXBuildFile; fileRef = 768CA3252BE65C9D00BF5116 /* Base */; };
		768CA3282BE65CA000BF5116 /* Assets.xcassets in Resources */ = {isa = PBXBuildFile; fileRef = 768CA3272BE65CA000BF5116 /* Assets.xcassets */; };
		768CA32B2BE65CA000BF5116 /* Base in Resources */ = {isa = PBXBuildFile; fileRef = 768CA32A2BE65CA000BF5116 /* Base */; };
		768CA3332BE661BF00BF5116 /* CatBreed.swift in Sources */ = {isa = PBXBuildFile; fileRef = 768CA3322BE661BF00BF5116 /* CatBreed.swift */; };
		768CA3372BE663E200BF5116 /* CatBreeds.json in Resources */ = {isa = PBXBuildFile; fileRef = 768CA3362BE662EC00BF5116 /* CatBreeds.json */; };
		768CA33F2BE6654B00BF5116 /* CatBreedsTests.swift in Sources */ = {isa = PBXBuildFile; fileRef = 768CA33E2BE6654B00BF5116 /* CatBreedsTests.swift */; };
		768CA3462BE66AD100BF5116 /* CatBreedTableViewCell.swift in Sources */ = {isa = PBXBuildFile; fileRef = 768CA3452BE66AD100BF5116 /* CatBreedTableViewCell.swift */; };
/* End PBXBuildFile section */

/* Begin PBXContainerItemProxy section */
		768CA3402BE6654B00BF5116 /* PBXContainerItemProxy */ = {
			isa = PBXContainerItemProxy;
			containerPortal = 768CA3132BE65C9D00BF5116 /* Project object */;
			proxyType = 1;
			remoteGlobalIDString = 768CA31A2BE65C9D00BF5116;
			remoteInfo = CatBreeds;
		};
/* End PBXContainerItemProxy section */

/* Begin PBXFileReference section */
		768CA31B2BE65C9D00BF5116 /* CatBreeds.app */ = {isa = PBXFileReference; explicitFileType = wrapper.application; includeInIndex = 0; path = CatBreeds.app; sourceTree = BUILT_PRODUCTS_DIR; };
		768CA31E2BE65C9D00BF5116 /* AppDelegate.swift */ = {isa = PBXFileReference; lastKnownFileType = sourcecode.swift; path = AppDelegate.swift; sourceTree = "<group>"; };
		768CA3202BE65C9D00BF5116 /* SceneDelegate.swift */ = {isa = PBXFileReference; lastKnownFileType = sourcecode.swift; path = SceneDelegate.swift; sourceTree = "<group>"; };
		768CA3222BE65C9D00BF5116 /* CatListViewController.swift */ = {isa = PBXFileReference; lastKnownFileType = sourcecode.swift; path = CatListViewController.swift; sourceTree = "<group>"; };
		768CA3252BE65C9D00BF5116 /* Base */ = {isa = PBXFileReference; lastKnownFileType = file.storyboard; name = Base; path = Base.lproj/Main.storyboard; sourceTree = "<group>"; };
		768CA3272BE65CA000BF5116 /* Assets.xcassets */ = {isa = PBXFileReference; lastKnownFileType = folder.assetcatalog; path = Assets.xcassets; sourceTree = "<group>"; };
		768CA32A2BE65CA000BF5116 /* Base */ = {isa = PBXFileReference; lastKnownFileType = file.storyboard; name = Base; path = Base.lproj/LaunchScreen.storyboard; sourceTree = "<group>"; };
		768CA32C2BE65CA000BF5116 /* Info.plist */ = {isa = PBXFileReference; lastKnownFileType = text.plist.xml; path = Info.plist; sourceTree = "<group>"; };
		768CA3322BE661BF00BF5116 /* CatBreed.swift */ = {isa = PBXFileReference; lastKnownFileType = sourcecode.swift; path = CatBreed.swift; sourceTree = "<group>"; };
		768CA3362BE662EC00BF5116 /* CatBreeds.json */ = {isa = PBXFileReference; lastKnownFileType = text.json; path = CatBreeds.json; sourceTree = "<group>"; };
		768CA33C2BE6654B00BF5116 /* CatBreedsTests.xctest */ = {isa = PBXFileReference; explicitFileType = wrapper.cfbundle; includeInIndex = 0; path = CatBreedsTests.xctest; sourceTree = BUILT_PRODUCTS_DIR; };
		768CA33E2BE6654B00BF5116 /* CatBreedsTests.swift */ = {isa = PBXFileReference; lastKnownFileType = sourcecode.swift; path = CatBreedsTests.swift; sourceTree = "<group>"; };
		768CA3452BE66AD100BF5116 /* CatBreedTableViewCell.swift */ = {isa = PBXFileReference; lastKnownFileType = sourcecode.swift; path = CatBreedTableViewCell.swift; sourceTree = "<group>"; };
/* End PBXFileReference section */

/* Begin PBXFrameworksBuildPhase section */
		768CA3182BE65C9D00BF5116 /* Frameworks */ = {
			isa = PBXFrameworksBuildPhase;
			buildActionMask = 2147483647;
			files = (
			);
			runOnlyForDeploymentPostprocessing = 0;
		};
		768CA3392BE6654B00BF5116 /* Frameworks */ = {
			isa = PBXFrameworksBuildPhase;
			buildActionMask = 2147483647;
			files = (
			);
			runOnlyForDeploymentPostprocessing = 0;
		};
/* End PBXFrameworksBuildPhase section */

/* Begin PBXGroup section */
		768CA3122BE65C9D00BF5116 = {
			isa = PBXGroup;
			children = (
				768CA31D2BE65C9D00BF5116 /* CatBreeds */,
				768CA33D2BE6654B00BF5116 /* CatBreedsTests */,
				768CA31C2BE65C9D00BF5116 /* Products */,
			);
			sourceTree = "<group>";
		};
		768CA31C2BE65C9D00BF5116 /* Products */ = {
			isa = PBXGroup;
			children = (
				768CA31B2BE65C9D00BF5116 /* CatBreeds.app */,
				768CA33C2BE6654B00BF5116 /* CatBreedsTests.xctest */,
			);
			name = Products;
			sourceTree = "<group>";
		};
		768CA31D2BE65C9D00BF5116 /* CatBreeds */ = {
			isa = PBXGroup;
			children = (
				768CA31E2BE65C9D00BF5116 /* AppDelegate.swift */,
				768CA3202BE65C9D00BF5116 /* SceneDelegate.swift */,
				768CA3222BE65C9D00BF5116 /* CatListViewController.swift */,
				768CA3242BE65C9D00BF5116 /* Main.storyboard */,
				768CA3272BE65CA000BF5116 /* Assets.xcassets */,
				768CA3292BE65CA000BF5116 /* LaunchScreen.storyboard */,
				768CA32C2BE65CA000BF5116 /* Info.plist */,
				768CA3322BE661BF00BF5116 /* CatBreed.swift */,
				768CA3362BE662EC00BF5116 /* CatBreeds.json */,
				768CA3452BE66AD100BF5116 /* CatBreedTableViewCell.swift */,
			);
			path = CatBreeds;
			sourceTree = "<group>";
		};
		768CA33D2BE6654B00BF5116 /* CatBreedsTests */ = {
			isa = PBXGroup;
			children = (
				768CA33E2BE6654B00BF5116 /* CatBreedsTests.swift */,
			);
			path = CatBreedsTests;
			sourceTree = "<group>";
		};
/* End PBXGroup section */

/* Begin PBXNativeTarget section */
		768CA31A2BE65C9D00BF5116 /* CatBreeds */ = {
			isa = PBXNativeTarget;
			buildConfigurationList = 768CA32F2BE65CA000BF5116 /* Build configuration list for PBXNativeTarget "CatBreeds" */;
			buildPhases = (
				768CA3172BE65C9D00BF5116 /* Sources */,
				768CA3182BE65C9D00BF5116 /* Frameworks */,
				768CA3192BE65C9D00BF5116 /* Resources */,
			);
			buildRules = (
			);
			dependencies = (
			);
			name = CatBreeds;
			productName = CatBreeds;
			productReference = 768CA31B2BE65C9D00BF5116 /* CatBreeds.app */;
			productType = "com.apple.product-type.application";
		};
		768CA33B2BE6654B00BF5116 /* CatBreedsTests */ = {
			isa = PBXNativeTarget;
			buildConfigurationList = 768CA3422BE6654B00BF5116 /* Build configuration list for PBXNativeTarget "CatBreedsTests" */;
			buildPhases = (
				768CA3382BE6654B00BF5116 /* Sources */,
				768CA3392BE6654B00BF5116 /* Frameworks */,
				768CA33A2BE6654B00BF5116 /* Resources */,
			);
			buildRules = (
			);
			dependencies = (
				768CA3412BE6654B00BF5116 /* PBXTargetDependency */,
			);
			name = CatBreedsTests;
			productName = CatBreedsTests;
			productReference = 768CA33C2BE6654B00BF5116 /* CatBreedsTests.xctest */;
			productType = "com.apple.product-type.bundle.unit-test";
		};
/* End PBXNativeTarget section */

/* Begin PBXProject section */
		768CA3132BE65C9D00BF5116 /* Project object */ = {
			isa = PBXProject;
			attributes = {
				BuildIndependentTargetsInParallel = 1;
				LastSwiftUpdateCheck = 1530;
				LastUpgradeCheck = 1530;
				TargetAttributes = {
					768CA31A2BE65C9D00BF5116 = {
						CreatedOnToolsVersion = 15.3;
					};
					768CA33B2BE6654B00BF5116 = {
						CreatedOnToolsVersion = 15.3;
						TestTargetID = 768CA31A2BE65C9D00BF5116;
					};
				};
			};
			buildConfigurationList = 768CA3162BE65C9D00BF5116 /* Build configuration list for PBXProject "CatBreeds" */;
			compatibilityVersion = "Xcode 14.0";
			developmentRegion = en;
			hasScannedForEncodings = 0;
			knownRegions = (
				en,
				Base,
			);
			mainGroup = 768CA3122BE65C9D00BF5116;
			productRefGroup = 768CA31C2BE65C9D00BF5116 /* Products */;
			projectDirPath = "";
			projectRoot = "";
			targets = (
				768CA31A2BE65C9D00BF5116 /* CatBreeds */,
				768CA33B2BE6654B00BF5116 /* CatBreedsTests */,
			);
		};
/* End PBXProject section */

/* Begin PBXResourcesBuildPhase section */
		768CA3192BE65C9D00BF5116 /* Resources */ = {
			isa = PBXResourcesBuildPhase;
			buildActionMask = 2147483647;
			files = (
				768CA3372BE663E200BF5116 /* CatBreeds.json in Resources */,
				768CA3282BE65CA000BF5116 /* Assets.xcassets in Resources */,
				768CA32B2BE65CA000BF5116 /* Base in Resources */,
				768CA3262BE65C9D00BF5116 /* Base in Resources */,
			);
			runOnlyForDeploymentPostprocessing = 0;
		};
		768CA33A2BE6654B00BF5116 /* Resources */ = {
			isa = PBXResourcesBuildPhase;
			buildActionMask = 2147483647;
			files = (
			);
			runOnlyForDeploymentPostprocessing = 0;
		};
/* End PBXResourcesBuildPhase section */

/* Begin PBXSourcesBuildPhase section */
		768CA3172BE65C9D00BF5116 /* Sources */ = {
			isa = PBXSourcesBuildPhase;
			buildActionMask = 2147483647;
			files = (
				768CA3232BE65C9D00BF5116 /* CatListViewController.swift in Sources */,
				768CA31F2BE65C9D00BF5116 /* AppDelegate.swift in Sources */,
				768CA3212BE65C9D00BF5116 /* SceneDelegate.swift in Sources */,
				768CA3332BE661BF00BF5116 /* CatBreed.swift in Sources */,
				768CA3462BE66AD100BF5116 /* CatBreedTableViewCell.swift in Sources */,
			);
			runOnlyForDeploymentPostprocessing = 0;
		};
		768CA3382BE6654B00BF5116 /* Sources */ = {
			isa = PBXSourcesBuildPhase;
			buildActionMask = 2147483647;
			files = (
				768CA33F2BE6654B00BF5116 /* CatBreedsTests.swift in Sources */,
			);
			runOnlyForDeploymentPostprocessing = 0;
		};
/* End PBXSourcesBuildPhase section */

/* Begin PBXTargetDependency section */
		768CA3412BE6654B00BF5116 /* PBXTargetDependency */ = {
			isa = PBXTargetDependency;
			target = 768CA31A2BE65C9D00BF5116 /* CatBreeds */;
			targetProxy = 768CA3402BE6654B00BF5116 /* PBXContainerItemProxy */;
		};
/* End PBXTargetDependency section */

/* Begin PBXVariantGroup section */
		768CA3242BE65C9D00BF5116 /* Main.storyboard */ = {
			isa = PBXVariantGroup;
			children = (
				768CA3252BE65C9D00BF5116 /* Base */,
			);
			name = Main.storyboard;
			sourceTree = "<group>";
		};
		768CA3292BE65CA000BF5116 /* LaunchScreen.storyboard */ = {
			isa = PBXVariantGroup;
			children = (
				768CA32A2BE65CA000BF5116 /* Base */,
			);
			name = LaunchScreen.storyboard;
			sourceTree = "<group>";
		};
/* End PBXVariantGroup section */

/* Begin XCBuildConfiguration section */
		768CA32D2BE65CA000BF5116 /* Debug */ = {
			isa = XCBuildConfiguration;
			buildSettings = {
				ALWAYS_SEARCH_USER_PATHS = NO;
				ASSETCATALOG_COMPILER_GENERATE_SWIFT_ASSET_SYMBOL_EXTENSIONS = YES;
				CLANG_ANALYZER_NONNULL = YES;
				CLANG_ANALYZER_NUMBER_OBJECT_CONVERSION = YES_AGGRESSIVE;
				CLANG_CXX_LANGUAGE_STANDARD = "gnu++20";
				CLANG_ENABLE_MODULES = YES;
				CLANG_ENABLE_OBJC_ARC = YES;
				CLANG_ENABLE_OBJC_WEAK = YES;
				CLANG_WARN_BLOCK_CAPTURE_AUTORELEASING = YES;
				CLANG_WARN_BOOL_CONVERSION = YES;
				CLANG_WARN_COMMA = YES;
				CLANG_WARN_CONSTANT_CONVERSION = YES;
				CLANG_WARN_DEPRECATED_OBJC_IMPLEMENTATIONS = YES;
				CLANG_WARN_DIRECT_OBJC_ISA_USAGE = YES_ERROR;
				CLANG_WARN_DOCUMENTATION_COMMENTS = YES;
				CLANG_WARN_EMPTY_BODY = YES;
				CLANG_WARN_ENUM_CONVERSION = YES;
				CLANG_WARN_INFINITE_RECURSION = YES;
				CLANG_WARN_INT_CONVERSION = YES;
				CLANG_WARN_NON_LITERAL_NULL_CONVERSION = YES;
				CLANG_WARN_OBJC_IMPLICIT_RETAIN_SELF = YES;
				CLANG_WARN_OBJC_LITERAL_CONVERSION = YES;
				CLANG_WARN_OBJC_ROOT_CLASS = YES_ERROR;
				CLANG_WARN_QUOTED_INCLUDE_IN_FRAMEWORK_HEADER = YES;
				CLANG_WARN_RANGE_LOOP_ANALYSIS = YES;
				CLANG_WARN_STRICT_PROTOTYPES = YES;
				CLANG_WARN_SUSPICIOUS_MOVE = YES;
				CLANG_WARN_UNGUARDED_AVAILABILITY = YES_AGGRESSIVE;
				CLANG_WARN_UNREACHABLE_CODE = YES;
				CLANG_WARN__DUPLICATE_METHOD_MATCH = YES;
				COPY_PHASE_STRIP = NO;
				DEBUG_INFORMATION_FORMAT = dwarf;
				ENABLE_STRICT_OBJC_MSGSEND = YES;
				ENABLE_TESTABILITY = YES;
				ENABLE_USER_SCRIPT_SANDBOXING = YES;
				GCC_C_LANGUAGE_STANDARD = gnu17;
				GCC_DYNAMIC_NO_PIC = NO;
				GCC_NO_COMMON_BLOCKS = YES;
				GCC_OPTIMIZATION_LEVEL = 0;
				GCC_PREPROCESSOR_DEFINITIONS = (
					"DEBUG=1",
					"$(inherited)",
				);
				GCC_WARN_64_TO_32_BIT_CONVERSION = YES;
				GCC_WARN_ABOUT_RETURN_TYPE = YES_ERROR;
				GCC_WARN_UNDECLARED_SELECTOR = YES;
				GCC_WARN_UNINITIALIZED_AUTOS = YES_AGGRESSIVE;
				GCC_WARN_UNUSED_FUNCTION = YES;
				GCC_WARN_UNUSED_VARIABLE = YES;
				IPHONEOS_DEPLOYMENT_TARGET = 17.4;
				LOCALIZATION_PREFERS_STRING_CATALOGS = YES;
				MTL_ENABLE_DEBUG_INFO = INCLUDE_SOURCE;
				MTL_FAST_MATH = YES;
				ONLY_ACTIVE_ARCH = YES;
				SDKROOT = iphoneos;
				SWIFT_ACTIVE_COMPILATION_CONDITIONS = "DEBUG $(inherited)";
				SWIFT_OPTIMIZATION_LEVEL = "-Onone";
			};
			name = Debug;
		};
		768CA32E2BE65CA000BF5116 /* Release */ = {
			isa = XCBuildConfiguration;
			buildSettings = {
				ALWAYS_SEARCH_USER_PATHS = NO;
				ASSETCATALOG_COMPILER_GENERATE_SWIFT_ASSET_SYMBOL_EXTENSIONS = YES;
				CLANG_ANALYZER_NONNULL = YES;
				CLANG_ANALYZER_NUMBER_OBJECT_CONVERSION = YES_AGGRESSIVE;
				CLANG_CXX_LANGUAGE_STANDARD = "gnu++20";
				CLANG_ENABLE_MODULES = YES;
				CLANG_ENABLE_OBJC_ARC = YES;
				CLANG_ENABLE_OBJC_WEAK = YES;
				CLANG_WARN_BLOCK_CAPTURE_AUTORELEASING = YES;
				CLANG_WARN_BOOL_CONVERSION = YES;
				CLANG_WARN_COMMA = YES;
				CLANG_WARN_CONSTANT_CONVERSION = YES;
				CLANG_WARN_DEPRECATED_OBJC_IMPLEMENTATIONS = YES;
				CLANG_WARN_DIRECT_OBJC_ISA_USAGE = YES_ERROR;
				CLANG_WARN_DOCUMENTATION_COMMENTS = YES;
				CLANG_WARN_EMPTY_BODY = YES;
				CLANG_WARN_ENUM_CONVERSION = YES;
				CLANG_WARN_INFINITE_RECURSION = YES;
				CLANG_WARN_INT_CONVERSION = YES;
				CLANG_WARN_NON_LITERAL_NULL_CONVERSION = YES;
				CLANG_WARN_OBJC_IMPLICIT_RETAIN_SELF = YES;
				CLANG_WARN_OBJC_LITERAL_CONVERSION = YES;
				CLANG_WARN_OBJC_ROOT_CLASS = YES_ERROR;
				CLANG_WARN_QUOTED_INCLUDE_IN_FRAMEWORK_HEADER = YES;
				CLANG_WARN_RANGE_LOOP_ANALYSIS = YES;
				CLANG_WARN_STRICT_PROTOTYPES = YES;
				CLANG_WARN_SUSPICIOUS_MOVE = YES;
				CLANG_WARN_UNGUARDED_AVAILABILITY = YES_AGGRESSIVE;
				CLANG_WARN_UNREACHABLE_CODE = YES;
				CLANG_WARN__DUPLICATE_METHOD_MATCH = YES;
				COPY_PHASE_STRIP = NO;
				DEBUG_INFORMATION_FORMAT = "dwarf-with-dsym";
				ENABLE_NS_ASSERTIONS = NO;
				ENABLE_STRICT_OBJC_MSGSEND = YES;
				ENABLE_USER_SCRIPT_SANDBOXING = YES;
				GCC_C_LANGUAGE_STANDARD = gnu17;
				GCC_NO_COMMON_BLOCKS = YES;
				GCC_WARN_64_TO_32_BIT_CONVERSION = YES;
				GCC_WARN_ABOUT_RETURN_TYPE = YES_ERROR;
				GCC_WARN_UNDECLARED_SELECTOR = YES;
				GCC_WARN_UNINITIALIZED_AUTOS = YES_AGGRESSIVE;
				GCC_WARN_UNUSED_FUNCTION = YES;
				GCC_WARN_UNUSED_VARIABLE = YES;
				IPHONEOS_DEPLOYMENT_TARGET = 17.4;
				LOCALIZATION_PREFERS_STRING_CATALOGS = YES;
				MTL_ENABLE_DEBUG_INFO = NO;
				MTL_FAST_MATH = YES;
				SDKROOT = iphoneos;
				SWIFT_COMPILATION_MODE = wholemodule;
				VALIDATE_PRODUCT = YES;
			};
			name = Release;
		};
		768CA3302BE65CA000BF5116 /* Debug */ = {
			isa = XCBuildConfiguration;
			buildSettings = {
				ASSETCATALOG_COMPILER_APPICON_NAME = AppIcon;
				ASSETCATALOG_COMPILER_GLOBAL_ACCENT_COLOR_NAME = AccentColor;
				CODE_SIGN_STYLE = Automatic;
				CURRENT_PROJECT_VERSION = 1;
				DEVELOPMENT_TEAM = U6J4M45K4J;
				GENERATE_INFOPLIST_FILE = YES;
				INFOPLIST_FILE = CatBreeds/Info.plist;
				INFOPLIST_KEY_UIApplicationSupportsIndirectInputEvents = YES;
				INFOPLIST_KEY_UILaunchStoryboardName = LaunchScreen;
				INFOPLIST_KEY_UIMainStoryboardFile = Main;
				INFOPLIST_KEY_UISupportedInterfaceOrientations_iPad = "UIInterfaceOrientationPortrait UIInterfaceOrientationPortraitUpsideDown UIInterfaceOrientationLandscapeLeft UIInterfaceOrientationLandscapeRight";
				INFOPLIST_KEY_UISupportedInterfaceOrientations_iPhone = "UIInterfaceOrientationPortrait UIInterfaceOrientationLandscapeLeft UIInterfaceOrientationLandscapeRight";
				LD_RUNPATH_SEARCH_PATHS = (
					"$(inherited)",
					"@executable_path/Frameworks",
				);
				MARKETING_VERSION = 1.0;
				PRODUCT_BUNDLE_IDENTIFIER = br.org.eldorado.CatBreeds;
				PRODUCT_NAME = "$(TARGET_NAME)";
				SWIFT_EMIT_LOC_STRINGS = YES;
				SWIFT_VERSION = 5.0;
				TARGETED_DEVICE_FAMILY = "1,2";
			};
			name = Debug;
		};
		768CA3312BE65CA000BF5116 /* Release */ = {
			isa = XCBuildConfiguration;
			buildSettings = {
				ASSETCATALOG_COMPILER_APPICON_NAME = AppIcon;
				ASSETCATALOG_COMPILER_GLOBAL_ACCENT_COLOR_NAME = AccentColor;
				CODE_SIGN_STYLE = Automatic;
				CURRENT_PROJECT_VERSION = 1;
				DEVELOPMENT_TEAM = U6J4M45K4J;
				GENERATE_INFOPLIST_FILE = YES;
				INFOPLIST_FILE = CatBreeds/Info.plist;
				INFOPLIST_KEY_UIApplicationSupportsIndirectInputEvents = YES;
				INFOPLIST_KEY_UILaunchStoryboardName = LaunchScreen;
				INFOPLIST_KEY_UIMainStoryboardFile = Main;
				INFOPLIST_KEY_UISupportedInterfaceOrientations_iPad = "UIInterfaceOrientationPortrait UIInterfaceOrientationPortraitUpsideDown UIInterfaceOrientationLandscapeLeft UIInterfaceOrientationLandscapeRight";
				INFOPLIST_KEY_UISupportedInterfaceOrientations_iPhone = "UIInterfaceOrientationPortrait UIInterfaceOrientationLandscapeLeft UIInterfaceOrientationLandscapeRight";
				LD_RUNPATH_SEARCH_PATHS = (
					"$(inherited)",
					"@executable_path/Frameworks",
				);
				MARKETING_VERSION = 1.0;
				PRODUCT_BUNDLE_IDENTIFIER = br.org.eldorado.CatBreeds;
				PRODUCT_NAME = "$(TARGET_NAME)";
				SWIFT_EMIT_LOC_STRINGS = YES;
				SWIFT_VERSION = 5.0;
				TARGETED_DEVICE_FAMILY = "1,2";
			};
			name = Release;
		};
		768CA3432BE6654B00BF5116 /* Debug */ = {
			isa = XCBuildConfiguration;
			buildSettings = {
				BUNDLE_LOADER = "$(TEST_HOST)";
				CODE_SIGN_STYLE = Automatic;
				CURRENT_PROJECT_VERSION = 1;
				DEVELOPMENT_TEAM = U6J4M45K4J;
				GENERATE_INFOPLIST_FILE = YES;
				MARKETING_VERSION = 1.0;
				PRODUCT_BUNDLE_IDENTIFIER = br.org.eldorado.CatBreedsTests;
				PRODUCT_NAME = "$(TARGET_NAME)";
				SWIFT_EMIT_LOC_STRINGS = NO;
				SWIFT_VERSION = 5.0;
				TARGETED_DEVICE_FAMILY = "1,2";
				TEST_HOST = "$(BUILT_PRODUCTS_DIR)/CatBreeds.app/$(BUNDLE_EXECUTABLE_FOLDER_PATH)/CatBreeds";
			};
			name = Debug;
		};
		768CA3442BE6654B00BF5116 /* Release */ = {
			isa = XCBuildConfiguration;
			buildSettings = {
				BUNDLE_LOADER = "$(TEST_HOST)";
				CODE_SIGN_STYLE = Automatic;
				CURRENT_PROJECT_VERSION = 1;
				DEVELOPMENT_TEAM = U6J4M45K4J;
				GENERATE_INFOPLIST_FILE = YES;
				MARKETING_VERSION = 1.0;
				PRODUCT_BUNDLE_IDENTIFIER = br.org.eldorado.CatBreedsTests;
				PRODUCT_NAME = "$(TARGET_NAME)";
				SWIFT_EMIT_LOC_STRINGS = NO;
				SWIFT_VERSION = 5.0;
				TARGETED_DEVICE_FAMILY = "1,2";
				TEST_HOST = "$(BUILT_PRODUCTS_DIR)/CatBreeds.app/$(BUNDLE_EXECUTABLE_FOLDER_PATH)/CatBreeds";
			};
			name = Release;
		};
/* End XCBuildConfiguration section */

/* Begin XCConfigurationList section */
		768CA3162BE65C9D00BF5116 /* Build configuration list for PBXProject "CatBreeds" */ = {
			isa = XCConfigurationList;
			buildConfigurations = (
				768CA32D2BE65CA000BF5116 /* Debug */,
				768CA32E2BE65CA000BF5116 /* Release */,
			);
			defaultConfigurationIsVisible = 0;
			defaultConfigurationName = Release;
		};
		768CA32F2BE65CA000BF5116 /* Build configuration list for PBXNativeTarget "CatBreeds" */ = {
			isa = XCConfigurationList;
			buildConfigurations = (
				768CA3302BE65CA000BF5116 /* Debug */,
				768CA3312BE65CA000BF5116 /* Release */,
			);
			defaultConfigurationIsVisible = 0;
			defaultConfigurationName = Release;
		};
		768CA3422BE6654B00BF5116 /* Build configuration list for PBXNativeTarget "CatBreedsTests" */ = {
			isa = XCConfigurationList;
			buildConfigurations = (
				768CA3432BE6654B00BF5116 /* Debug */,
				768CA3442BE6654B00BF5116 /* Release */,
			);
			defaultConfigurationIsVisible = 0;
			defaultConfigurationName = Release;
		};
/* End XCConfigurationList section */
	};
	rootObject = 768CA3132BE65C9D00BF5116 /* Project object */;
}
