// !$*UTF8*$!
{
	archiveVersion = 1;
	classes = {
	};
	objectVersion = 56;
	objects = {

/* Begin PBXBuildFile section */
		769F10B62BED228F009B2CD8 /* CatBreedsApp.swift in Sources */ = {isa = PBXBuildFile; fileRef = 769F10B52BED228F009B2CD8 /* CatBreedsApp.swift */; };
		769F10B82BED228F009B2CD8 /* CatListView.swift in Sources */ = {isa = PBXBuildFile; fileRef = 769F10B72BED228F009B2CD8 /* CatListView.swift */; };
		769F10BA2BED2290009B2CD8 /* Assets.xcassets in Resources */ = {isa = PBXBuildFile; fileRef = 769F10B92BED2290009B2CD8 /* Assets.xcassets */; };
		769F10BD2BED2290009B2CD8 /* Preview Assets.xcassets in Resources */ = {isa = PBXBuildFile; fileRef = 769F10BC2BED2290009B2CD8 /* Preview Assets.xcassets */; };
		769F10CA2BED238A009B2CD8 /* CatBreedsTests.swift in Sources */ = {isa = PBXBuildFile; fileRef = 769F10C92BED238A009B2CD8 /* CatBreedsTests.swift */; };
		769F10D72BED245D009B2CD8 /* CatBreeds.json in Resources */ = {isa = PBXBuildFile; fileRef = 769F10D52BED245D009B2CD8 /* CatBreeds.json */; };
		769F10D82BED245D009B2CD8 /* Countries.json in Resources */ = {isa = PBXBuildFile; fileRef = 769F10D62BED245D009B2CD8 /* Countries.json */; };
		769F10E92BED2474009B2CD8 /* CatAPIData.swift in Sources */ = {isa = PBXBuildFile; fileRef = 769F10D92BED2474009B2CD8 /* CatAPIData.swift */; };
		769F10EA2BED2474009B2CD8 /* CatAPIDataAccess.swift in Sources */ = {isa = PBXBuildFile; fileRef = 769F10DA2BED2474009B2CD8 /* CatAPIDataAccess.swift */; };
		769F10EB2BED2474009B2CD8 /* CatAPIError.swift in Sources */ = {isa = PBXBuildFile; fileRef = 769F10DB2BED2474009B2CD8 /* CatAPIError.swift */; };
		769F10EC2BED2474009B2CD8 /* CatBreed.swift in Sources */ = {isa = PBXBuildFile; fileRef = 769F10DC2BED2474009B2CD8 /* CatBreed.swift */; };
		769F10ED2BED2474009B2CD8 /* CatBreedFileError.swift in Sources */ = {isa = PBXBuildFile; fileRef = 769F10DD2BED2474009B2CD8 /* CatBreedFileError.swift */; };
		769F10EE2BED2474009B2CD8 /* CatDatabase.swift in Sources */ = {isa = PBXBuildFile; fileRef = 769F10DE2BED2474009B2CD8 /* CatDatabase.swift */; };
		769F10EF2BED2474009B2CD8 /* CatFileDataAccess.swift in Sources */ = {isa = PBXBuildFile; fileRef = 769F10DF2BED2474009B2CD8 /* CatFileDataAccess.swift */; };
		769F10F02BED2474009B2CD8 /* Country.swift in Sources */ = {isa = PBXBuildFile; fileRef = 769F10E02BED2474009B2CD8 /* Country.swift */; };
		769F10F12BED2474009B2CD8 /* CountryDataBase.swift in Sources */ = {isa = PBXBuildFile; fileRef = 769F10E12BED2474009B2CD8 /* CountryDataBase.swift */; };
		769F10F22BED2474009B2CD8 /* CountryName.swift in Sources */ = {isa = PBXBuildFile; fileRef = 769F10E22BED2474009B2CD8 /* CountryName.swift */; };
		769F10F32BED2474009B2CD8 /* CatBreedDetail.swift in Sources */ = {isa = PBXBuildFile; fileRef = 769F10E42BED2474009B2CD8 /* CatBreedDetail.swift */; };
		769F10F42BED2474009B2CD8 /* CatServices.swift in Sources */ = {isa = PBXBuildFile; fileRef = 769F10E52BED2474009B2CD8 /* CatServices.swift */; };
		769F10F52BED2474009B2CD8 /* CatBreedDetail.swift in Sources */ = {isa = PBXBuildFile; fileRef = 769F10E72BED2474009B2CD8 /* CatBreedDetail.swift */; };
/* End PBXBuildFile section */

/* Begin PBXContainerItemProxy section */
		769F10CB2BED238A009B2CD8 /* PBXContainerItemProxy */ = {
			isa = PBXContainerItemProxy;
			containerPortal = 769F10AA2BED228F009B2CD8 /* Project object */;
			proxyType = 1;
			remoteGlobalIDString = 769F10B12BED228F009B2CD8;
			remoteInfo = CatBreeds;
		};
/* End PBXContainerItemProxy section */

/* Begin PBXFileReference section */
		769F10B22BED228F009B2CD8 /* CatBreeds.app */ = {isa = PBXFileReference; explicitFileType = wrapper.application; includeInIndex = 0; path = CatBreeds.app; sourceTree = BUILT_PRODUCTS_DIR; };
		769F10B52BED228F009B2CD8 /* CatBreedsApp.swift */ = {isa = PBXFileReference; lastKnownFileType = sourcecode.swift; path = CatBreedsApp.swift; sourceTree = "<group>"; };
		769F10B72BED228F009B2CD8 /* CatListView.swift */ = {isa = PBXFileReference; lastKnownFileType = sourcecode.swift; path = CatListView.swift; sourceTree = "<group>"; };
		769F10B92BED2290009B2CD8 /* Assets.xcassets */ = {isa = PBXFileReference; lastKnownFileType = folder.assetcatalog; path = Assets.xcassets; sourceTree = "<group>"; };
		769F10BC2BED2290009B2CD8 /* Preview Assets.xcassets */ = {isa = PBXFileReference; lastKnownFileType = folder.assetcatalog; path = "Preview Assets.xcassets"; sourceTree = "<group>"; };
		769F10C72BED238A009B2CD8 /* CatBreedsTests.xctest */ = {isa = PBXFileReference; explicitFileType = wrapper.cfbundle; includeInIndex = 0; path = CatBreedsTests.xctest; sourceTree = BUILT_PRODUCTS_DIR; };
		769F10C92BED238A009B2CD8 /* CatBreedsTests.swift */ = {isa = PBXFileReference; lastKnownFileType = sourcecode.swift; path = CatBreedsTests.swift; sourceTree = "<group>"; };
		769F10D52BED245D009B2CD8 /* CatBreeds.json */ = {isa = PBXFileReference; fileEncoding = 4; lastKnownFileType = text.json; name = CatBreeds.json; path = ../../../../CatBreeds/CatBreeds/Resources/CatBreeds.json; sourceTree = "<group>"; };
		769F10D62BED245D009B2CD8 /* Countries.json */ = {isa = PBXFileReference; fileEncoding = 4; lastKnownFileType = text.json; name = Countries.json; path = ../../../../CatBreeds/CatBreeds/Resources/Countries.json; sourceTree = "<group>"; };
		769F10D92BED2474009B2CD8 /* CatAPIData.swift */ = {isa = PBXFileReference; fileEncoding = 4; lastKnownFileType = sourcecode.swift; path = CatAPIData.swift; sourceTree = "<group>"; };
		769F10DA2BED2474009B2CD8 /* CatAPIDataAccess.swift */ = {isa = PBXFileReference; fileEncoding = 4; lastKnownFileType = sourcecode.swift; path = CatAPIDataAccess.swift; sourceTree = "<group>"; };
		769F10DB2BED2474009B2CD8 /* CatAPIError.swift */ = {isa = PBXFileReference; fileEncoding = 4; lastKnownFileType = sourcecode.swift; path = CatAPIError.swift; sourceTree = "<group>"; };
		769F10DC2BED2474009B2CD8 /* CatBreed.swift */ = {isa = PBXFileReference; fileEncoding = 4; lastKnownFileType = sourcecode.swift; path = CatBreed.swift; sourceTree = "<group>"; };
		769F10DD2BED2474009B2CD8 /* CatBreedFileError.swift */ = {isa = PBXFileReference; fileEncoding = 4; lastKnownFileType = sourcecode.swift; path = CatBreedFileError.swift; sourceTree = "<group>"; };
		769F10DE2BED2474009B2CD8 /* CatDatabase.swift */ = {isa = PBXFileReference; fileEncoding = 4; lastKnownFileType = sourcecode.swift; path = CatDatabase.swift; sourceTree = "<group>"; };
		769F10DF2BED2474009B2CD8 /* CatFileDataAccess.swift */ = {isa = PBXFileReference; fileEncoding = 4; lastKnownFileType = sourcecode.swift; path = CatFileDataAccess.swift; sourceTree = "<group>"; };
		769F10E02BED2474009B2CD8 /* Country.swift */ = {isa = PBXFileReference; fileEncoding = 4; lastKnownFileType = sourcecode.swift; path = Country.swift; sourceTree = "<group>"; };
		769F10E12BED2474009B2CD8 /* CountryDataBase.swift */ = {isa = PBXFileReference; fileEncoding = 4; lastKnownFileType = sourcecode.swift; path = CountryDataBase.swift; sourceTree = "<group>"; };
		769F10E22BED2474009B2CD8 /* CountryName.swift */ = {isa = PBXFileReference; fileEncoding = 4; lastKnownFileType = sourcecode.swift; path = CountryName.swift; sourceTree = "<group>"; };
		769F10E42BED2474009B2CD8 /* CatBreedDetail.swift */ = {isa = PBXFileReference; fileEncoding = 4; lastKnownFileType = sourcecode.swift; name = CatBreedDetail.swift; path = ../../../../CatBreeds/CatBreeds/Model/DataInterface/CatBreedDetail.swift; sourceTree = "<group>"; };
		769F10E52BED2474009B2CD8 /* CatServices.swift */ = {isa = PBXFileReference; fileEncoding = 4; lastKnownFileType = sourcecode.swift; path = CatServices.swift; sourceTree = "<group>"; };
		769F10E72BED2474009B2CD8 /* CatBreedDetail.swift */ = {isa = PBXFileReference; fileEncoding = 4; lastKnownFileType = sourcecode.swift; path = CatBreedDetail.swift; sourceTree = "<group>"; };
/* End PBXFileReference section */

/* Begin PBXFrameworksBuildPhase section */
		769F10AF2BED228F009B2CD8 /* Frameworks */ = {
			isa = PBXFrameworksBuildPhase;
			buildActionMask = 2147483647;
			files = (
			);
			runOnlyForDeploymentPostprocessing = 0;
		};
		769F10C42BED238A009B2CD8 /* Frameworks */ = {
			isa = PBXFrameworksBuildPhase;
			buildActionMask = 2147483647;
			files = (
			);
			runOnlyForDeploymentPostprocessing = 0;
		};
/* End PBXFrameworksBuildPhase section */

/* Begin PBXGroup section */
		769F10A92BED228F009B2CD8 = {
			isa = PBXGroup;
			children = (
				769F10B42BED228F009B2CD8 /* CatBreeds */,
				769F10C82BED238A009B2CD8 /* CatBreedsTests */,
				769F10B32BED228F009B2CD8 /* Products */,
			);
			sourceTree = "<group>";
		};
		769F10B32BED228F009B2CD8 /* Products */ = {
			isa = PBXGroup;
			children = (
				769F10B22BED228F009B2CD8 /* CatBreeds.app */,
				769F10C72BED238A009B2CD8 /* CatBreedsTests.xctest */,
			);
			name = Products;
			sourceTree = "<group>";
		};
		769F10B42BED228F009B2CD8 /* CatBreeds */ = {
			isa = PBXGroup;
			children = (
				769F10D42BED23CE009B2CD8 /* App Specific */,
				769F10D32BED23C3009B2CD8 /* View */,
				769F10D22BED23B1009B2CD8 /* ViewModel */,
				769F10D12BED23AC009B2CD8 /* Model */,
				769F10D02BED23A4009B2CD8 /* Resources */,
				769F10BB2BED2290009B2CD8 /* Preview Content */,
			);
			path = CatBreeds;
			sourceTree = "<group>";
		};
		769F10BB2BED2290009B2CD8 /* Preview Content */ = {
			isa = PBXGroup;
			children = (
				769F10BC2BED2290009B2CD8 /* Preview Assets.xcassets */,
			);
			path = "Preview Content";
			sourceTree = "<group>";
		};
		769F10C82BED238A009B2CD8 /* CatBreedsTests */ = {
			isa = PBXGroup;
			children = (
				769F10C92BED238A009B2CD8 /* CatBreedsTests.swift */,
			);
			path = CatBreedsTests;
			sourceTree = "<group>";
		};
		769F10D02BED23A4009B2CD8 /* Resources */ = {
			isa = PBXGroup;
			children = (
				769F10B92BED2290009B2CD8 /* Assets.xcassets */,
			);
			path = Resources;
			sourceTree = "<group>";
		};
		769F10D12BED23AC009B2CD8 /* Model */ = {
			isa = PBXGroup;
			children = (
				769F10E62BED2474009B2CD8 /* Business */,
				769F10E42BED2474009B2CD8 /* CatBreedDetail.swift */,
				769F10E82BED2474009B2CD8 /* DataInterface */,
				769F10E32BED2474009B2CD8 /* Persistence */,
			);
			path = Model;
			sourceTree = "<group>";
		};
		769F10D22BED23B1009B2CD8 /* ViewModel */ = {
			isa = PBXGroup;
			children = (
			);
			path = ViewModel;
			sourceTree = "<group>";
		};
		769F10D32BED23C3009B2CD8 /* View */ = {
			isa = PBXGroup;
			children = (
				769F10D52BED245D009B2CD8 /* CatBreeds.json */,
				769F10D62BED245D009B2CD8 /* Countries.json */,
				769F10B72BED228F009B2CD8 /* CatListView.swift */,
			);
			path = View;
			sourceTree = "<group>";
		};
		769F10D42BED23CE009B2CD8 /* App Specific */ = {
			isa = PBXGroup;
			children = (
				769F10B52BED228F009B2CD8 /* CatBreedsApp.swift */,
			);
			path = "App Specific";
			sourceTree = "<group>";
		};
		769F10E32BED2474009B2CD8 /* Persistence */ = {
			isa = PBXGroup;
			children = (
				769F10D92BED2474009B2CD8 /* CatAPIData.swift */,
				769F10DA2BED2474009B2CD8 /* CatAPIDataAccess.swift */,
				769F10DB2BED2474009B2CD8 /* CatAPIError.swift */,
				769F10DC2BED2474009B2CD8 /* CatBreed.swift */,
				769F10DD2BED2474009B2CD8 /* CatBreedFileError.swift */,
				769F10DE2BED2474009B2CD8 /* CatDatabase.swift */,
				769F10DF2BED2474009B2CD8 /* CatFileDataAccess.swift */,
				769F10E02BED2474009B2CD8 /* Country.swift */,
				769F10E12BED2474009B2CD8 /* CountryDataBase.swift */,
				769F10E22BED2474009B2CD8 /* CountryName.swift */,
			);
			name = Persistence;
			path = ../../../../CatBreeds/CatBreeds/Model/Persistence;
			sourceTree = "<group>";
		};
		769F10E62BED2474009B2CD8 /* Business */ = {
			isa = PBXGroup;
			children = (
				769F10E52BED2474009B2CD8 /* CatServices.swift */,
			);
			name = Business;
			path = ../../../../CatBreeds/CatBreeds/Model/Business;
			sourceTree = "<group>";
		};
		769F10E82BED2474009B2CD8 /* DataInterface */ = {
			isa = PBXGroup;
			children = (
				769F10E72BED2474009B2CD8 /* CatBreedDetail.swift */,
			);
			name = DataInterface;
			path = ../../../../CatBreeds/CatBreeds/Model/DataInterface;
			sourceTree = "<group>";
		};
/* End PBXGroup section */

/* Begin PBXNativeTarget section */
		769F10B12BED228F009B2CD8 /* CatBreeds */ = {
			isa = PBXNativeTarget;
			buildConfigurationList = 769F10C02BED2290009B2CD8 /* Build configuration list for PBXNativeTarget "CatBreeds" */;
			buildPhases = (
				769F10AE2BED228F009B2CD8 /* Sources */,
				769F10AF2BED228F009B2CD8 /* Frameworks */,
				769F10B02BED228F009B2CD8 /* Resources */,
			);
			buildRules = (
			);
			dependencies = (
			);
			name = CatBreeds;
			productName = CatBreeds;
			productReference = 769F10B22BED228F009B2CD8 /* CatBreeds.app */;
			productType = "com.apple.product-type.application";
		};
		769F10C62BED238A009B2CD8 /* CatBreedsTests */ = {
			isa = PBXNativeTarget;
			buildConfigurationList = 769F10CF2BED238A009B2CD8 /* Build configuration list for PBXNativeTarget "CatBreedsTests" */;
			buildPhases = (
				769F10C32BED238A009B2CD8 /* Sources */,
				769F10C42BED238A009B2CD8 /* Frameworks */,
				769F10C52BED238A009B2CD8 /* Resources */,
			);
			buildRules = (
			);
			dependencies = (
				769F10CC2BED238A009B2CD8 /* PBXTargetDependency */,
			);
			name = CatBreedsTests;
			productName = CatBreedsTests;
			productReference = 769F10C72BED238A009B2CD8 /* CatBreedsTests.xctest */;
			productType = "com.apple.product-type.bundle.unit-test";
		};
/* End PBXNativeTarget section */

/* Begin PBXProject section */
		769F10AA2BED228F009B2CD8 /* Project object */ = {
			isa = PBXProject;
			attributes = {
				BuildIndependentTargetsInParallel = 1;
				LastSwiftUpdateCheck = 1530;
				LastUpgradeCheck = 1530;
				TargetAttributes = {
					769F10B12BED228F009B2CD8 = {
						CreatedOnToolsVersion = 15.3;
					};
					769F10C62BED238A009B2CD8 = {
						CreatedOnToolsVersion = 15.3;
						TestTargetID = 769F10B12BED228F009B2CD8;
					};
				};
			};
			buildConfigurationList = 769F10AD2BED228F009B2CD8 /* Build configuration list for PBXProject "CatBreeds" */;
			compatibilityVersion = "Xcode 14.0";
			developmentRegion = en;
			hasScannedForEncodings = 0;
			knownRegions = (
				en,
				Base,
			);
			mainGroup = 769F10A92BED228F009B2CD8;
			productRefGroup = 769F10B32BED228F009B2CD8 /* Products */;
			projectDirPath = "";
			projectRoot = "";
			targets = (
				769F10B12BED228F009B2CD8 /* CatBreeds */,
				769F10C62BED238A009B2CD8 /* CatBreedsTests */,
			);
		};
/* End PBXProject section */

/* Begin PBXResourcesBuildPhase section */
		769F10B02BED228F009B2CD8 /* Resources */ = {
			isa = PBXResourcesBuildPhase;
			buildActionMask = 2147483647;
			files = (
				769F10BD2BED2290009B2CD8 /* Preview Assets.xcassets in Resources */,
				769F10D72BED245D009B2CD8 /* CatBreeds.json in Resources */,
				769F10D82BED245D009B2CD8 /* Countries.json in Resources */,
				769F10BA2BED2290009B2CD8 /* Assets.xcassets in Resources */,
			);
			runOnlyForDeploymentPostprocessing = 0;
		};
		769F10C52BED238A009B2CD8 /* Resources */ = {
			isa = PBXResourcesBuildPhase;
			buildActionMask = 2147483647;
			files = (
			);
			runOnlyForDeploymentPostprocessing = 0;
		};
/* End PBXResourcesBuildPhase section */

/* Begin PBXSourcesBuildPhase section */
		769F10AE2BED228F009B2CD8 /* Sources */ = {
			isa = PBXSourcesBuildPhase;
			buildActionMask = 2147483647;
			files = (
				769F10EB2BED2474009B2CD8 /* CatAPIError.swift in Sources */,
				769F10F32BED2474009B2CD8 /* CatBreedDetail.swift in Sources */,
				769F10EE2BED2474009B2CD8 /* CatDatabase.swift in Sources */,
				769F10F12BED2474009B2CD8 /* CountryDataBase.swift in Sources */,
				769F10B82BED228F009B2CD8 /* CatListView.swift in Sources */,
				769F10E92BED2474009B2CD8 /* CatAPIData.swift in Sources */,
				769F10F22BED2474009B2CD8 /* CountryName.swift in Sources */,
				769F10EC2BED2474009B2CD8 /* CatBreed.swift in Sources */,
				769F10F52BED2474009B2CD8 /* CatBreedDetail.swift in Sources */,
				769F10F42BED2474009B2CD8 /* CatServices.swift in Sources */,
				769F10B62BED228F009B2CD8 /* CatBreedsApp.swift in Sources */,
				769F10EF2BED2474009B2CD8 /* CatFileDataAccess.swift in Sources */,
				769F10ED2BED2474009B2CD8 /* CatBreedFileError.swift in Sources */,
				769F10F02BED2474009B2CD8 /* Country.swift in Sources */,
				769F10EA2BED2474009B2CD8 /* CatAPIDataAccess.swift in Sources */,
			);
			runOnlyForDeploymentPostprocessing = 0;
		};
		769F10C32BED238A009B2CD8 /* Sources */ = {
			isa = PBXSourcesBuildPhase;
			buildActionMask = 2147483647;
			files = (
				769F10CA2BED238A009B2CD8 /* CatBreedsTests.swift in Sources */,
			);
			runOnlyForDeploymentPostprocessing = 0;
		};
/* End PBXSourcesBuildPhase section */

/* Begin PBXTargetDependency section */
		769F10CC2BED238A009B2CD8 /* PBXTargetDependency */ = {
			isa = PBXTargetDependency;
			target = 769F10B12BED228F009B2CD8 /* CatBreeds */;
			targetProxy = 769F10CB2BED238A009B2CD8 /* PBXContainerItemProxy */;
		};
/* End PBXTargetDependency section */

/* Begin XCBuildConfiguration section */
		769F10BE2BED2290009B2CD8 /* Debug */ = {
			isa = XCBuildConfiguration;
			buildSettings = {
				ALWAYS_SEARCH_USER_PATHS = NO;
				ASSETCATALOG_COMPILER_GENERATE_SWIFT_ASSET_SYMBOL_EXTENSIONS = YES;
				CLANG_ANALYZER_NONNULL = YES;
				CLANG_ANALYZER_NUMBER_OBJECT_CONVERSION = YES_AGGRESSIVE;
				CLANG_CXX_LANGUAGE_STANDARD = "gnu++20";
				CLANG_ENABLE_MODULES = YES;
				CLANG_ENABLE_OBJC_ARC = YES;
				CLANG_ENABLE_OBJC_WEAK = YES;
				CLANG_WARN_BLOCK_CAPTURE_AUTORELEASING = YES;
				CLANG_WARN_BOOL_CONVERSION = YES;
				CLANG_WARN_COMMA = YES;
				CLANG_WARN_CONSTANT_CONVERSION = YES;
				CLANG_WARN_DEPRECATED_OBJC_IMPLEMENTATIONS = YES;
				CLANG_WARN_DIRECT_OBJC_ISA_USAGE = YES_ERROR;
				CLANG_WARN_DOCUMENTATION_COMMENTS = YES;
				CLANG_WARN_EMPTY_BODY = YES;
				CLANG_WARN_ENUM_CONVERSION = YES;
				CLANG_WARN_INFINITE_RECURSION = YES;
				CLANG_WARN_INT_CONVERSION = YES;
				CLANG_WARN_NON_LITERAL_NULL_CONVERSION = YES;
				CLANG_WARN_OBJC_IMPLICIT_RETAIN_SELF = YES;
				CLANG_WARN_OBJC_LITERAL_CONVERSION = YES;
				CLANG_WARN_OBJC_ROOT_CLASS = YES_ERROR;
				CLANG_WARN_QUOTED_INCLUDE_IN_FRAMEWORK_HEADER = YES;
				CLANG_WARN_RANGE_LOOP_ANALYSIS = YES;
				CLANG_WARN_STRICT_PROTOTYPES = YES;
				CLANG_WARN_SUSPICIOUS_MOVE = YES;
				CLANG_WARN_UNGUARDED_AVAILABILITY = YES_AGGRESSIVE;
				CLANG_WARN_UNREACHABLE_CODE = YES;
				CLANG_WARN__DUPLICATE_METHOD_MATCH = YES;
				COPY_PHASE_STRIP = NO;
				DEBUG_INFORMATION_FORMAT = dwarf;
				ENABLE_STRICT_OBJC_MSGSEND = YES;
				ENABLE_TESTABILITY = YES;
				ENABLE_USER_SCRIPT_SANDBOXING = YES;
				GCC_C_LANGUAGE_STANDARD = gnu17;
				GCC_DYNAMIC_NO_PIC = NO;
				GCC_NO_COMMON_BLOCKS = YES;
				GCC_OPTIMIZATION_LEVEL = 0;
				GCC_PREPROCESSOR_DEFINITIONS = (
					"DEBUG=1",
					"$(inherited)",
				);
				GCC_WARN_64_TO_32_BIT_CONVERSION = YES;
				GCC_WARN_ABOUT_RETURN_TYPE = YES_ERROR;
				GCC_WARN_UNDECLARED_SELECTOR = YES;
				GCC_WARN_UNINITIALIZED_AUTOS = YES_AGGRESSIVE;
				GCC_WARN_UNUSED_FUNCTION = YES;
				GCC_WARN_UNUSED_VARIABLE = YES;
				IPHONEOS_DEPLOYMENT_TARGET = 17.4;
				LOCALIZATION_PREFERS_STRING_CATALOGS = YES;
				MTL_ENABLE_DEBUG_INFO = INCLUDE_SOURCE;
				MTL_FAST_MATH = YES;
				ONLY_ACTIVE_ARCH = YES;
				SDKROOT = iphoneos;
				SWIFT_ACTIVE_COMPILATION_CONDITIONS = "DEBUG $(inherited)";
				SWIFT_OPTIMIZATION_LEVEL = "-Onone";
			};
			name = Debug;
		};
		769F10BF2BED2290009B2CD8 /* Release */ = {
			isa = XCBuildConfiguration;
			buildSettings = {
				ALWAYS_SEARCH_USER_PATHS = NO;
				ASSETCATALOG_COMPILER_GENERATE_SWIFT_ASSET_SYMBOL_EXTENSIONS = YES;
				CLANG_ANALYZER_NONNULL = YES;
				CLANG_ANALYZER_NUMBER_OBJECT_CONVERSION = YES_AGGRESSIVE;
				CLANG_CXX_LANGUAGE_STANDARD = "gnu++20";
				CLANG_ENABLE_MODULES = YES;
				CLANG_ENABLE_OBJC_ARC = YES;
				CLANG_ENABLE_OBJC_WEAK = YES;
				CLANG_WARN_BLOCK_CAPTURE_AUTORELEASING = YES;
				CLANG_WARN_BOOL_CONVERSION = YES;
				CLANG_WARN_COMMA = YES;
				CLANG_WARN_CONSTANT_CONVERSION = YES;
				CLANG_WARN_DEPRECATED_OBJC_IMPLEMENTATIONS = YES;
				CLANG_WARN_DIRECT_OBJC_ISA_USAGE = YES_ERROR;
				CLANG_WARN_DOCUMENTATION_COMMENTS = YES;
				CLANG_WARN_EMPTY_BODY = YES;
				CLANG_WARN_ENUM_CONVERSION = YES;
				CLANG_WARN_INFINITE_RECURSION = YES;
				CLANG_WARN_INT_CONVERSION = YES;
				CLANG_WARN_NON_LITERAL_NULL_CONVERSION = YES;
				CLANG_WARN_OBJC_IMPLICIT_RETAIN_SELF = YES;
				CLANG_WARN_OBJC_LITERAL_CONVERSION = YES;
				CLANG_WARN_OBJC_ROOT_CLASS = YES_ERROR;
				CLANG_WARN_QUOTED_INCLUDE_IN_FRAMEWORK_HEADER = YES;
				CLANG_WARN_RANGE_LOOP_ANALYSIS = YES;
				CLANG_WARN_STRICT_PROTOTYPES = YES;
				CLANG_WARN_SUSPICIOUS_MOVE = YES;
				CLANG_WARN_UNGUARDED_AVAILABILITY = YES_AGGRESSIVE;
				CLANG_WARN_UNREACHABLE_CODE = YES;
				CLANG_WARN__DUPLICATE_METHOD_MATCH = YES;
				COPY_PHASE_STRIP = NO;
				DEBUG_INFORMATION_FORMAT = "dwarf-with-dsym";
				ENABLE_NS_ASSERTIONS = NO;
				ENABLE_STRICT_OBJC_MSGSEND = YES;
				ENABLE_USER_SCRIPT_SANDBOXING = YES;
				GCC_C_LANGUAGE_STANDARD = gnu17;
				GCC_NO_COMMON_BLOCKS = YES;
				GCC_WARN_64_TO_32_BIT_CONVERSION = YES;
				GCC_WARN_ABOUT_RETURN_TYPE = YES_ERROR;
				GCC_WARN_UNDECLARED_SELECTOR = YES;
				GCC_WARN_UNINITIALIZED_AUTOS = YES_AGGRESSIVE;
				GCC_WARN_UNUSED_FUNCTION = YES;
				GCC_WARN_UNUSED_VARIABLE = YES;
				IPHONEOS_DEPLOYMENT_TARGET = 17.4;
				LOCALIZATION_PREFERS_STRING_CATALOGS = YES;
				MTL_ENABLE_DEBUG_INFO = NO;
				MTL_FAST_MATH = YES;
				SDKROOT = iphoneos;
				SWIFT_COMPILATION_MODE = wholemodule;
				VALIDATE_PRODUCT = YES;
			};
			name = Release;
		};
		769F10C12BED2290009B2CD8 /* Debug */ = {
			isa = XCBuildConfiguration;
			buildSettings = {
				ASSETCATALOG_COMPILER_APPICON_NAME = AppIcon;
				ASSETCATALOG_COMPILER_GLOBAL_ACCENT_COLOR_NAME = AccentColor;
				CODE_SIGN_STYLE = Automatic;
				CURRENT_PROJECT_VERSION = 1;
				DEVELOPMENT_ASSET_PATHS = "\"CatBreeds/Preview Content\"";
				DEVELOPMENT_TEAM = U6J4M45K4J;
				ENABLE_PREVIEWS = YES;
				GENERATE_INFOPLIST_FILE = YES;
				INFOPLIST_KEY_UIApplicationSceneManifest_Generation = YES;
				INFOPLIST_KEY_UIApplicationSupportsIndirectInputEvents = YES;
				INFOPLIST_KEY_UILaunchScreen_Generation = YES;
				INFOPLIST_KEY_UISupportedInterfaceOrientations_iPad = "UIInterfaceOrientationPortrait UIInterfaceOrientationPortraitUpsideDown UIInterfaceOrientationLandscapeLeft UIInterfaceOrientationLandscapeRight";
				INFOPLIST_KEY_UISupportedInterfaceOrientations_iPhone = "UIInterfaceOrientationPortrait UIInterfaceOrientationLandscapeLeft UIInterfaceOrientationLandscapeRight";
				LD_RUNPATH_SEARCH_PATHS = (
					"$(inherited)",
					"@executable_path/Frameworks",
				);
				MARKETING_VERSION = 1.0;
				PRODUCT_BUNDLE_IDENTIFIER = br.org.eldorado.CatBreeds;
				PRODUCT_NAME = "$(TARGET_NAME)";
				SWIFT_EMIT_LOC_STRINGS = YES;
				SWIFT_VERSION = 5.0;
				TARGETED_DEVICE_FAMILY = "1,2";
			};
			name = Debug;
		};
		769F10C22BED2290009B2CD8 /* Release */ = {
			isa = XCBuildConfiguration;
			buildSettings = {
				ASSETCATALOG_COMPILER_APPICON_NAME = AppIcon;
				ASSETCATALOG_COMPILER_GLOBAL_ACCENT_COLOR_NAME = AccentColor;
				CODE_SIGN_STYLE = Automatic;
				CURRENT_PROJECT_VERSION = 1;
				DEVELOPMENT_ASSET_PATHS = "\"CatBreeds/Preview Content\"";
				DEVELOPMENT_TEAM = U6J4M45K4J;
				ENABLE_PREVIEWS = YES;
				GENERATE_INFOPLIST_FILE = YES;
				INFOPLIST_KEY_UIApplicationSceneManifest_Generation = YES;
				INFOPLIST_KEY_UIApplicationSupportsIndirectInputEvents = YES;
				INFOPLIST_KEY_UILaunchScreen_Generation = YES;
				INFOPLIST_KEY_UISupportedInterfaceOrientations_iPad = "UIInterfaceOrientationPortrait UIInterfaceOrientationPortraitUpsideDown UIInterfaceOrientationLandscapeLeft UIInterfaceOrientationLandscapeRight";
				INFOPLIST_KEY_UISupportedInterfaceOrientations_iPhone = "UIInterfaceOrientationPortrait UIInterfaceOrientationLandscapeLeft UIInterfaceOrientationLandscapeRight";
				LD_RUNPATH_SEARCH_PATHS = (
					"$(inherited)",
					"@executable_path/Frameworks",
				);
				MARKETING_VERSION = 1.0;
				PRODUCT_BUNDLE_IDENTIFIER = br.org.eldorado.CatBreeds;
				PRODUCT_NAME = "$(TARGET_NAME)";
				SWIFT_EMIT_LOC_STRINGS = YES;
				SWIFT_VERSION = 5.0;
				TARGETED_DEVICE_FAMILY = "1,2";
			};
			name = Release;
		};
		769F10CD2BED238A009B2CD8 /* Debug */ = {
			isa = XCBuildConfiguration;
			buildSettings = {
				BUNDLE_LOADER = "$(TEST_HOST)";
				CODE_SIGN_STYLE = Automatic;
				CURRENT_PROJECT_VERSION = 1;
				DEVELOPMENT_TEAM = U6J4M45K4J;
				GENERATE_INFOPLIST_FILE = YES;
				MARKETING_VERSION = 1.0;
				PRODUCT_BUNDLE_IDENTIFIER = br.org.eldorado.CatBreedsTests;
				PRODUCT_NAME = "$(TARGET_NAME)";
				SWIFT_EMIT_LOC_STRINGS = NO;
				SWIFT_VERSION = 5.0;
				TARGETED_DEVICE_FAMILY = "1,2";
				TEST_HOST = "$(BUILT_PRODUCTS_DIR)/CatBreeds.app/$(BUNDLE_EXECUTABLE_FOLDER_PATH)/CatBreeds";
			};
			name = Debug;
		};
		769F10CE2BED238A009B2CD8 /* Release */ = {
			isa = XCBuildConfiguration;
			buildSettings = {
				BUNDLE_LOADER = "$(TEST_HOST)";
				CODE_SIGN_STYLE = Automatic;
				CURRENT_PROJECT_VERSION = 1;
				DEVELOPMENT_TEAM = U6J4M45K4J;
				GENERATE_INFOPLIST_FILE = YES;
				MARKETING_VERSION = 1.0;
				PRODUCT_BUNDLE_IDENTIFIER = br.org.eldorado.CatBreedsTests;
				PRODUCT_NAME = "$(TARGET_NAME)";
				SWIFT_EMIT_LOC_STRINGS = NO;
				SWIFT_VERSION = 5.0;
				TARGETED_DEVICE_FAMILY = "1,2";
				TEST_HOST = "$(BUILT_PRODUCTS_DIR)/CatBreeds.app/$(BUNDLE_EXECUTABLE_FOLDER_PATH)/CatBreeds";
			};
			name = Release;
		};
/* End XCBuildConfiguration section */

/* Begin XCConfigurationList section */
		769F10AD2BED228F009B2CD8 /* Build configuration list for PBXProject "CatBreeds" */ = {
			isa = XCConfigurationList;
			buildConfigurations = (
				769F10BE2BED2290009B2CD8 /* Debug */,
				769F10BF2BED2290009B2CD8 /* Release */,
			);
			defaultConfigurationIsVisible = 0;
			defaultConfigurationName = Release;
		};
		769F10C02BED2290009B2CD8 /* Build configuration list for PBXNativeTarget "CatBreeds" */ = {
			isa = XCConfigurationList;
			buildConfigurations = (
				769F10C12BED2290009B2CD8 /* Debug */,
				769F10C22BED2290009B2CD8 /* Release */,
			);
			defaultConfigurationIsVisible = 0;
			defaultConfigurationName = Release;
		};
		769F10CF2BED238A009B2CD8 /* Build configuration list for PBXNativeTarget "CatBreedsTests" */ = {
			isa = XCConfigurationList;
			buildConfigurations = (
				769F10CD2BED238A009B2CD8 /* Debug */,
				769F10CE2BED238A009B2CD8 /* Release */,
			);
			defaultConfigurationIsVisible = 0;
			defaultConfigurationName = Release;
		};
/* End XCConfigurationList section */
	};
	rootObject = 769F10AA2BED228F009B2CD8 /* Project object */;
}
